{
  "name": "vue-mini-pick",
  "version": "1.0.0",
  "lockfileVersion": 3,
  "requires": true,
  "packages": {
    "": {
      "name": "vue-mini-pick",
      "version": "1.0.0",
      "license": "ISC",
      "dependencies": {
        "@vue-mini/wechat": "^1.0.0-beta.4",
        "miniprogram-api-typings": "^3.12.2",
        "tdesign-miniprogram": "^1.2.6"
      }
    },
    "node_modules/@vue-mini/wechat": {
      "version": "1.0.0-beta.4",
      "resolved": "https://registry.npmmirror.com/@vue-mini/wechat/-/wechat-1.0.0-beta.4.tgz",
      "integrity": "sha512-sAPkE/d+yJPKPFXgTkIVIwymBVDo9OnKZe8dla6iNEJfNvgWgnWTjIbr9PkXsPjkgd3FNY2C4ZxLWyXo3z7z2g==",
      "dependencies": {
        "@vue/reactivity": "3.4.5",
        "miniprogram-api-typings": "^3.12.2"
      }
    },
    "node_modules/@vue/reactivity": {
      "version": "3.4.5",
      "resolved": "https://registry.npmmirror.com/@vue/reactivity/-/reactivity-3.4.5.tgz",
      "integrity": "sha512-BcWkKvjdvqJwb7BhhFkXPLDCecX4d4a6GATvCduJQDLv21PkPowAE5GKuIE5p6RC07/Lp9FMkkq4AYCTVF5KlQ==",
      "dependencies": {
        "@vue/shared": "3.4.5"
      }
    },
    "node_modules/@vue/shared": {
      "version": "3.4.5",
      "resolved": "https://registry.npmmirror.com/@vue/shared/-/shared-3.4.5.tgz",
      "integrity": "sha512-6XptuzlMvN4l4cDnDw36pdGEV+9njYkQ1ZE0Q6iZLwrKefKaOJyiFmcP3/KBDHbt72cJZGtllAc1GaHe6XGAyg=="
    },
    "node_modules/dayjs": {
      "version": "1.11.10",
      "resolved": "https://registry.npmmirror.com/dayjs/-/dayjs-1.11.10.tgz",
      "integrity": "sha512-vjAczensTgRcqDERK0SR2XMwsF/tSvnvlv6VcF2GIhg6Sx4yOIt/irsr1RDJsKiIyBzJDpCoXiWWq28MqH2cnQ=="
    },
    "node_modules/miniprogram-api-typings": {
      "version": "3.12.2",
      "resolved": "https://registry.npmmirror.com/miniprogram-api-typings/-/miniprogram-api-typings-3.12.2.tgz",
      "integrity": "sha512-OJB2uVAfhycX4teG/zEVpoThushQqLOx946XACDpVc6OQydiJWjn7djVzvNCbv0VOA7sbHGPQp/RkXD9vMCDEw=="
    },
    "node_modules/tdesign-miniprogram": {
      "version": "1.2.6",
      "resolved": "https://registry.npmmirror.com/tdesign-miniprogram/-/tdesign-miniprogram-1.2.6.tgz",
      "integrity": "sha512-uz8pc0RaTbvIKgnx3Dk0OAkQo8LRwMk+20opinEfzX+qlnAy89/2FG+1G3Ie+lHkncvLFMPfPRG1UyBCZhn+ZQ==",
      "dependencies": {
        "dayjs": "^1.10.7"
      }
    }
  }
}
